{
    "version": 3,
    "terraform_version": "0.11.8",
    "serial": 21,
    "lineage": "8ca56973-acfa-8b6f-e411-6fb68ea42830",
    "modules": [
        {
            "path": [
                "root"
            ],
            "outputs": {},
            "resources": {
                "aws_instance.app-bd": {
                    "type": "aws_instance",
                    "depends_on": [],
                    "primary": {
                        "id": "i-03a6a1c095f1839b4",
                        "attributes": {
                            "ami": "ami-0c54494f920b19106",
                            "arn": "arn:aws:ec2:us-east-1:193834086786:instance/i-03a6a1c095f1839b4",
                            "associate_public_ip_address": "true",
                            "availability_zone": "us-east-1b",
                            "cpu_core_count": "1",
                            "cpu_threads_per_core": "1",
                            "credit_specification.#": "1",
                            "credit_specification.0.cpu_credits": "standard",
                            "disable_api_termination": "false",
                            "ebs_block_device.#": "0",
                            "ebs_optimized": "false",
                            "ephemeral_block_device.#": "0",
                            "get_password_data": "false",
                            "iam_instance_profile": "",
                            "id": "i-03a6a1c095f1839b4",
                            "instance_state": "running",
                            "instance_type": "t2.small",
                            "ipv6_addresses.#": "0",
                            "key_name": "lab-key",
                            "monitoring": "false",
                            "network_interface.#": "0",
                            "network_interface_id": "eni-060ba17af38b08514",
                            "password_data": "",
                            "placement_group": "",
                            "primary_network_interface_id": "eni-060ba17af38b08514",
                            "private_dns": "ip-172-31-14-189.ec2.internal",
                            "private_ip": "172.31.14.189",
                            "public_dns": "ec2-54-224-75-134.compute-1.amazonaws.com",
                            "public_ip": "54.224.75.134",
                            "root_block_device.#": "1",
                            "root_block_device.0.delete_on_termination": "true",
                            "root_block_device.0.iops": "100",
                            "root_block_device.0.volume_id": "vol-036b7ee83fccd17e5",
                            "root_block_device.0.volume_size": "8",
                            "root_block_device.0.volume_type": "gp2",
                            "security_groups.#": "2",
                            "security_groups.2542268873": "allow-ssh",
                            "security_groups.385747436": "allow-bd-access",
                            "source_dest_check": "true",
                            "subnet_id": "subnet-9f0a29e8",
                            "tags.%": "1",
                            "tags.Name": "app-bd",
                            "tenancy": "default",
                            "volume_tags.%": "0",
                            "vpc_security_group_ids.#": "2",
                            "vpc_security_group_ids.1955210136": "sg-0bafc5127e0155b5c",
                            "vpc_security_group_ids.2187322363": "sg-09447b4fee2f8dc13"
                        },
                        "meta": {
                            "e2bfb730-ecaa-11e6-8f88-34363bc7c4c0": {
                                "create": 600000000000,
                                "delete": 1200000000000,
                                "update": 600000000000
                            },
                            "schema_version": "1"
                        },
                        "tainted": false
                    },
                    "deposed": [],
                    "provider": "provider.aws"
                },
                "aws_instance.app-server": {
                    "type": "aws_instance",
                    "depends_on": [],
                    "primary": {
                        "id": "i-0bbebd6c247d7da9c",
                        "attributes": {
                            "ami": "ami-0c54494f920b19106",
                            "arn": "arn:aws:ec2:us-east-1:193834086786:instance/i-0bbebd6c247d7da9c",
                            "associate_public_ip_address": "true",
                            "availability_zone": "us-east-1a",
                            "cpu_core_count": "1",
                            "cpu_threads_per_core": "1",
                            "credit_specification.#": "1",
                            "credit_specification.0.cpu_credits": "standard",
                            "disable_api_termination": "false",
                            "ebs_block_device.#": "0",
                            "ebs_optimized": "false",
                            "ephemeral_block_device.#": "0",
                            "get_password_data": "false",
                            "iam_instance_profile": "",
                            "id": "i-0bbebd6c247d7da9c",
                            "instance_state": "running",
                            "instance_type": "t2.micro",
                            "ipv6_addresses.#": "0",
                            "key_name": "lab-key",
                            "monitoring": "false",
                            "network_interface.#": "0",
                            "network_interface_id": "eni-05b29a46fa56a51d0",
                            "password_data": "",
                            "placement_group": "",
                            "primary_network_interface_id": "eni-05b29a46fa56a51d0",
                            "private_dns": "ip-172-31-57-149.ec2.internal",
                            "private_ip": "172.31.57.149",
                            "public_dns": "ec2-52-91-251-194.compute-1.amazonaws.com",
                            "public_ip": "52.91.251.194",
                            "root_block_device.#": "1",
                            "root_block_device.0.delete_on_termination": "true",
                            "root_block_device.0.iops": "100",
                            "root_block_device.0.volume_id": "vol-0c9b12093f07955cd",
                            "root_block_device.0.volume_size": "8",
                            "root_block_device.0.volume_type": "gp2",
                            "security_groups.#": "1",
                            "security_groups.2542268873": "allow-ssh",
                            "source_dest_check": "true",
                            "subnet_id": "subnet-4728466c",
                            "tags.%": "1",
                            "tags.Name": "app-server",
                            "tenancy": "default",
                            "volume_tags.%": "0",
                            "vpc_security_group_ids.#": "1",
                            "vpc_security_group_ids.1955210136": "sg-0bafc5127e0155b5c"
                        },
                        "meta": {
                            "e2bfb730-ecaa-11e6-8f88-34363bc7c4c0": {
                                "create": 600000000000,
                                "delete": 1200000000000,
                                "update": 600000000000
                            },
                            "schema_version": "1"
                        },
                        "tainted": false
                    },
                    "deposed": [],
                    "provider": "provider.aws"
                },
                "aws_security_group.allow-bd-access": {
                    "type": "aws_security_group",
                    "depends_on": [],
                    "primary": {
                        "id": "sg-09447b4fee2f8dc13",
                        "attributes": {
                            "arn": "arn:aws:ec2:us-east-1:193834086786:security-group/sg-09447b4fee2f8dc13",
                            "description": "Permite conexao a base de dados",
                            "egress.#": "1",
                            "egress.482069346.cidr_blocks.#": "1",
                            "egress.482069346.cidr_blocks.0": "0.0.0.0/0",
                            "egress.482069346.description": "",
                            "egress.482069346.from_port": "0",
                            "egress.482069346.ipv6_cidr_blocks.#": "0",
                            "egress.482069346.prefix_list_ids.#": "0",
                            "egress.482069346.protocol": "-1",
                            "egress.482069346.security_groups.#": "0",
                            "egress.482069346.self": "false",
                            "egress.482069346.to_port": "0",
                            "id": "sg-09447b4fee2f8dc13",
                            "ingress.#": "1",
                            "ingress.3996098022.cidr_blocks.#": "1",
                            "ingress.3996098022.cidr_blocks.0": "0.0.0.0/0",
                            "ingress.3996098022.description": "",
                            "ingress.3996098022.from_port": "0",
                            "ingress.3996098022.ipv6_cidr_blocks.#": "0",
                            "ingress.3996098022.protocol": "tcp",
                            "ingress.3996098022.security_groups.#": "0",
                            "ingress.3996098022.self": "false",
                            "ingress.3996098022.to_port": "3306",
                            "name": "allow-bd-access",
                            "owner_id": "193834086786",
                            "revoke_rules_on_delete": "false",
                            "tags.%": "0",
                            "vpc_id": "vpc-752a3810"
                        },
                        "meta": {
                            "e2bfb730-ecaa-11e6-8f88-34363bc7c4c0": {
                                "create": 600000000000,
                                "delete": 600000000000
                            },
                            "schema_version": "1"
                        },
                        "tainted": false
                    },
                    "deposed": [],
                    "provider": "provider.aws"
                },
                "aws_security_group.allow-ssh": {
                    "type": "aws_security_group",
                    "depends_on": [],
                    "primary": {
                        "id": "sg-0bafc5127e0155b5c",
                        "attributes": {
                            "arn": "arn:aws:ec2:us-east-1:193834086786:security-group/sg-0bafc5127e0155b5c",
                            "description": "Permite SSH",
                            "egress.#": "1",
                            "egress.482069346.cidr_blocks.#": "1",
                            "egress.482069346.cidr_blocks.0": "0.0.0.0/0",
                            "egress.482069346.description": "",
                            "egress.482069346.from_port": "0",
                            "egress.482069346.ipv6_cidr_blocks.#": "0",
                            "egress.482069346.prefix_list_ids.#": "0",
                            "egress.482069346.protocol": "-1",
                            "egress.482069346.security_groups.#": "0",
                            "egress.482069346.self": "false",
                            "egress.482069346.to_port": "0",
                            "id": "sg-0bafc5127e0155b5c",
                            "ingress.#": "1",
                            "ingress.2541437006.cidr_blocks.#": "1",
                            "ingress.2541437006.cidr_blocks.0": "0.0.0.0/0",
                            "ingress.2541437006.description": "",
                            "ingress.2541437006.from_port": "22",
                            "ingress.2541437006.ipv6_cidr_blocks.#": "0",
                            "ingress.2541437006.protocol": "tcp",
                            "ingress.2541437006.security_groups.#": "0",
                            "ingress.2541437006.self": "false",
                            "ingress.2541437006.to_port": "22",
                            "name": "allow-ssh",
                            "owner_id": "193834086786",
                            "revoke_rules_on_delete": "false",
                            "tags.%": "0",
                            "vpc_id": "vpc-752a3810"
                        },
                        "meta": {
                            "e2bfb730-ecaa-11e6-8f88-34363bc7c4c0": {
                                "create": 600000000000,
                                "delete": 600000000000
                            },
                            "schema_version": "1"
                        },
                        "tainted": false
                    },
                    "deposed": [],
                    "provider": "provider.aws"
                }
            },
            "depends_on": []
        }
    ]
}
