{
    "version": 3,
    "terraform_version": "0.11.8",
    "serial": 43,
    "lineage": "8ca56973-acfa-8b6f-e411-6fb68ea42830",
    "modules": [
        {
            "path": [
                "root"
            ],
            "outputs": {},
            "resources": {
                "aws_alb_listener_rule.app-listener-rule-1": {
                    "type": "aws_alb_listener_rule",
                    "depends_on": [
                        "aws_alb_target_group.app-target-group-1",
                        "aws_lb_listener.app-lb-listener"
                    ],
                    "primary": {
                        "id": "arn:aws:elasticloadbalancing:us-east-1:193834086786:listener-rule/app/app-lb/9ea0403d122ddcbd/9b4bcbe4c73af8f5/6300fb9e5246b09c",
                        "attributes": {
                            "action.#": "1",
                            "action.0.fixed_response.#": "0",
                            "action.0.redirect.#": "0",
                            "action.0.target_group_arn": "arn:aws:elasticloadbalancing:us-east-1:193834086786:targetgroup/app-target-group-1/d22dd166cffac7dc",
                            "action.0.type": "forward",
                            "arn": "arn:aws:elasticloadbalancing:us-east-1:193834086786:listener-rule/app/app-lb/9ea0403d122ddcbd/9b4bcbe4c73af8f5/6300fb9e5246b09c",
                            "condition.#": "1",
                            "condition.2611135190.field": "path-pattern",
                            "condition.2611135190.values.#": "1",
                            "condition.2611135190.values.0": "/*",
                            "id": "arn:aws:elasticloadbalancing:us-east-1:193834086786:listener-rule/app/app-lb/9ea0403d122ddcbd/9b4bcbe4c73af8f5/6300fb9e5246b09c",
                            "listener_arn": "arn:aws:elasticloadbalancing:us-east-1:193834086786:listener/app/app-lb/9ea0403d122ddcbd/9b4bcbe4c73af8f5",
                            "priority": "1"
                        },
                        "meta": {},
                        "tainted": false
                    },
                    "deposed": [],
                    "provider": "provider.aws"
                },
                "aws_alb_target_group.app-target-group-1": {
                    "type": "aws_alb_target_group",
                    "depends_on": [],
                    "primary": {
                        "id": "arn:aws:elasticloadbalancing:us-east-1:193834086786:targetgroup/app-target-group-1/d22dd166cffac7dc",
                        "attributes": {
                            "arn": "arn:aws:elasticloadbalancing:us-east-1:193834086786:targetgroup/app-target-group-1/d22dd166cffac7dc",
                            "arn_suffix": "targetgroup/app-target-group-1/d22dd166cffac7dc",
                            "deregistration_delay": "300",
                            "health_check.#": "1",
                            "health_check.0.healthy_threshold": "3",
                            "health_check.0.interval": "10",
                            "health_check.0.matcher": "200",
                            "health_check.0.path": "/",
                            "health_check.0.port": "9000",
                            "health_check.0.protocol": "HTTP",
                            "health_check.0.timeout": "5",
                            "health_check.0.unhealthy_threshold": "10",
                            "id": "arn:aws:elasticloadbalancing:us-east-1:193834086786:targetgroup/app-target-group-1/d22dd166cffac7dc",
                            "name": "app-target-group-1",
                            "port": "9000",
                            "protocol": "HTTP",
                            "proxy_protocol_v2": "false",
                            "slow_start": "0",
                            "stickiness.#": "1",
                            "stickiness.0.cookie_duration": "86400",
                            "stickiness.0.enabled": "false",
                            "stickiness.0.type": "lb_cookie",
                            "tags.%": "1",
                            "tags.Name": "app-target-group-1",
                            "target_type": "instance",
                            "vpc_id": "vpc-752a3810"
                        },
                        "meta": {},
                        "tainted": false
                    },
                    "deposed": [],
                    "provider": "provider.aws"
                },
                "aws_alb_target_group_attachment.app-alb-tg-attach": {
                    "type": "aws_alb_target_group_attachment",
                    "depends_on": [
                        "aws_alb_target_group.app-target-group-1",
                        "aws_instance.app-server-1"
                    ],
                    "primary": {
                        "id": "arn:aws:elasticloadbalancing:us-east-1:193834086786:targetgroup/app-target-group-1/d22dd166cffac7dc-20181007175028755000000001",
                        "attributes": {
                            "id": "arn:aws:elasticloadbalancing:us-east-1:193834086786:targetgroup/app-target-group-1/d22dd166cffac7dc-20181007175028755000000001",
                            "port": "9000",
                            "target_group_arn": "arn:aws:elasticloadbalancing:us-east-1:193834086786:targetgroup/app-target-group-1/d22dd166cffac7dc",
                            "target_id": "i-0f2fa747b5e132f0e"
                        },
                        "meta": {},
                        "tainted": false
                    },
                    "deposed": [],
                    "provider": "provider.aws"
                },
                "aws_default_subnet.app-us-east-1a": {
                    "type": "aws_default_subnet",
                    "depends_on": [],
                    "primary": {
                        "id": "subnet-4728466c",
                        "attributes": {
                            "arn": "arn:aws:ec2:us-east-1:193834086786:subnet/subnet-4728466c",
                            "assign_ipv6_address_on_creation": "false",
                            "availability_zone": "us-east-1a",
                            "cidr_block": "172.31.48.0/20",
                            "id": "subnet-4728466c",
                            "map_public_ip_on_launch": "true",
                            "tags.%": "1",
                            "tags.Name": "Default subnet for us-east-1a",
                            "vpc_id": "vpc-752a3810"
                        },
                        "meta": {
                            "schema_version": "1"
                        },
                        "tainted": false
                    },
                    "deposed": [],
                    "provider": "provider.aws"
                },
                "aws_default_subnet.app-us-east-1b": {
                    "type": "aws_default_subnet",
                    "depends_on": [],
                    "primary": {
                        "id": "subnet-9f0a29e8",
                        "attributes": {
                            "arn": "arn:aws:ec2:us-east-1:193834086786:subnet/subnet-9f0a29e8",
                            "assign_ipv6_address_on_creation": "false",
                            "availability_zone": "us-east-1b",
                            "cidr_block": "172.31.0.0/20",
                            "id": "subnet-9f0a29e8",
                            "map_public_ip_on_launch": "true",
                            "tags.%": "1",
                            "tags.Name": "Default subnet for us-east-1b",
                            "vpc_id": "vpc-752a3810"
                        },
                        "meta": {
                            "schema_version": "1"
                        },
                        "tainted": false
                    },
                    "deposed": [],
                    "provider": "provider.aws"
                },
                "aws_instance.app-bd": {
                    "type": "aws_instance",
                    "depends_on": [],
                    "primary": {
                        "id": "i-090f07c199ed762f0",
                        "attributes": {
                            "ami": "ami-0c54494f920b19106",
                            "arn": "arn:aws:ec2:us-east-1:193834086786:instance/i-090f07c199ed762f0",
                            "associate_public_ip_address": "true",
                            "availability_zone": "us-east-1a",
                            "cpu_core_count": "1",
                            "cpu_threads_per_core": "1",
                            "credit_specification.#": "1",
                            "credit_specification.0.cpu_credits": "standard",
                            "disable_api_termination": "false",
                            "ebs_block_device.#": "0",
                            "ebs_optimized": "false",
                            "ephemeral_block_device.#": "0",
                            "get_password_data": "false",
                            "iam_instance_profile": "",
                            "id": "i-090f07c199ed762f0",
                            "instance_state": "running",
                            "instance_type": "t2.small",
                            "ipv6_addresses.#": "0",
                            "key_name": "lab-key",
                            "monitoring": "false",
                            "network_interface.#": "0",
                            "network_interface_id": "eni-0476f7c49e8613e0c",
                            "password_data": "",
                            "placement_group": "",
                            "primary_network_interface_id": "eni-0476f7c49e8613e0c",
                            "private_dns": "ip-172-31-61-209.ec2.internal",
                            "private_ip": "172.31.61.209",
                            "public_dns": "ec2-54-89-218-15.compute-1.amazonaws.com",
                            "public_ip": "54.89.218.15",
                            "root_block_device.#": "1",
                            "root_block_device.0.delete_on_termination": "true",
                            "root_block_device.0.iops": "100",
                            "root_block_device.0.volume_id": "vol-0febc63cf83ea145a",
                            "root_block_device.0.volume_size": "8",
                            "root_block_device.0.volume_type": "gp2",
                            "security_groups.#": "2",
                            "security_groups.2542268873": "allow-ssh",
                            "security_groups.385747436": "allow-bd-access",
                            "source_dest_check": "true",
                            "subnet_id": "subnet-4728466c",
                            "tags.%": "1",
                            "tags.Name": "app-bd",
                            "tenancy": "default",
                            "volume_tags.%": "0",
                            "vpc_security_group_ids.#": "2",
                            "vpc_security_group_ids.1072289146": "sg-098ba56118b0350d6",
                            "vpc_security_group_ids.1249969007": "sg-099456b4527ee1448"
                        },
                        "meta": {
                            "e2bfb730-ecaa-11e6-8f88-34363bc7c4c0": {
                                "create": 600000000000,
                                "delete": 1200000000000,
                                "update": 600000000000
                            },
                            "schema_version": "1"
                        },
                        "tainted": false
                    },
                    "deposed": [],
                    "provider": "provider.aws"
                },
                "aws_instance.app-server-1": {
                    "type": "aws_instance",
                    "depends_on": [],
                    "primary": {
                        "id": "i-0f2fa747b5e132f0e",
                        "attributes": {
                            "ami": "ami-0c54494f920b19106",
                            "arn": "arn:aws:ec2:us-east-1:193834086786:instance/i-0f2fa747b5e132f0e",
                            "associate_public_ip_address": "true",
                            "availability_zone": "us-east-1a",
                            "cpu_core_count": "1",
                            "cpu_threads_per_core": "1",
                            "credit_specification.#": "1",
                            "credit_specification.0.cpu_credits": "standard",
                            "disable_api_termination": "false",
                            "ebs_block_device.#": "0",
                            "ebs_optimized": "false",
                            "ephemeral_block_device.#": "0",
                            "get_password_data": "false",
                            "iam_instance_profile": "",
                            "id": "i-0f2fa747b5e132f0e",
                            "instance_state": "running",
                            "instance_type": "t2.micro",
                            "ipv6_addresses.#": "0",
                            "key_name": "lab-key",
                            "monitoring": "false",
                            "network_interface.#": "0",
                            "network_interface_id": "eni-058d13245e5dcda43",
                            "password_data": "",
                            "placement_group": "",
                            "primary_network_interface_id": "eni-058d13245e5dcda43",
                            "private_dns": "ip-172-31-56-81.ec2.internal",
                            "private_ip": "172.31.56.81",
                            "public_dns": "ec2-184-72-129-19.compute-1.amazonaws.com",
                            "public_ip": "184.72.129.19",
                            "root_block_device.#": "1",
                            "root_block_device.0.delete_on_termination": "true",
                            "root_block_device.0.iops": "100",
                            "root_block_device.0.volume_id": "vol-01892885368c5ead9",
                            "root_block_device.0.volume_size": "8",
                            "root_block_device.0.volume_type": "gp2",
                            "security_groups.#": "2",
                            "security_groups.2542268873": "allow-ssh",
                            "security_groups.542637972": "allow-server-access",
                            "source_dest_check": "true",
                            "subnet_id": "subnet-4728466c",
                            "tags.%": "1",
                            "tags.Name": "app-server-1",
                            "tenancy": "default",
                            "volume_tags.%": "0",
                            "vpc_security_group_ids.#": "2",
                            "vpc_security_group_ids.1249969007": "sg-099456b4527ee1448",
                            "vpc_security_group_ids.3694130312": "sg-0a7438fe2851ad9b9"
                        },
                        "meta": {
                            "e2bfb730-ecaa-11e6-8f88-34363bc7c4c0": {
                                "create": 600000000000,
                                "delete": 1200000000000,
                                "update": 600000000000
                            },
                            "schema_version": "1"
                        },
                        "tainted": false
                    },
                    "deposed": [],
                    "provider": "provider.aws"
                },
                "aws_instance.app-server-2": {
                    "type": "aws_instance",
                    "depends_on": [],
                    "primary": {
                        "id": "i-0d23cf912cc540bda",
                        "attributes": {
                            "ami": "ami-0c54494f920b19106",
                            "arn": "arn:aws:ec2:us-east-1:193834086786:instance/i-0d23cf912cc540bda",
                            "associate_public_ip_address": "true",
                            "availability_zone": "us-east-1b",
                            "cpu_core_count": "1",
                            "cpu_threads_per_core": "1",
                            "credit_specification.#": "1",
                            "credit_specification.0.cpu_credits": "standard",
                            "disable_api_termination": "false",
                            "ebs_block_device.#": "0",
                            "ebs_optimized": "false",
                            "ephemeral_block_device.#": "0",
                            "get_password_data": "false",
                            "iam_instance_profile": "",
                            "id": "i-0d23cf912cc540bda",
                            "instance_state": "running",
                            "instance_type": "t2.micro",
                            "ipv6_addresses.#": "0",
                            "key_name": "lab-key",
                            "monitoring": "false",
                            "network_interface.#": "0",
                            "network_interface_id": "eni-0fea7edfc6f246ec2",
                            "password_data": "",
                            "placement_group": "",
                            "primary_network_interface_id": "eni-0fea7edfc6f246ec2",
                            "private_dns": "ip-172-31-5-245.ec2.internal",
                            "private_ip": "172.31.5.245",
                            "public_dns": "ec2-34-227-222-210.compute-1.amazonaws.com",
                            "public_ip": "34.227.222.210",
                            "root_block_device.#": "1",
                            "root_block_device.0.delete_on_termination": "true",
                            "root_block_device.0.iops": "100",
                            "root_block_device.0.volume_id": "vol-0338e7b657f87e9da",
                            "root_block_device.0.volume_size": "8",
                            "root_block_device.0.volume_type": "gp2",
                            "security_groups.#": "2",
                            "security_groups.2542268873": "allow-ssh",
                            "security_groups.542637972": "allow-server-access",
                            "source_dest_check": "true",
                            "subnet_id": "subnet-9f0a29e8",
                            "tags.%": "1",
                            "tags.Name": "app-server-2",
                            "tenancy": "default",
                            "volume_tags.%": "0",
                            "vpc_security_group_ids.#": "2",
                            "vpc_security_group_ids.1249969007": "sg-099456b4527ee1448",
                            "vpc_security_group_ids.3694130312": "sg-0a7438fe2851ad9b9"
                        },
                        "meta": {
                            "e2bfb730-ecaa-11e6-8f88-34363bc7c4c0": {
                                "create": 600000000000,
                                "delete": 1200000000000,
                                "update": 600000000000
                            },
                            "schema_version": "1"
                        },
                        "tainted": false
                    },
                    "deposed": [],
                    "provider": "provider.aws"
                },
                "aws_lb.app-lb": {
                    "type": "aws_lb",
                    "depends_on": [
                        "aws_default_subnet.app-us-east-1a",
                        "aws_default_subnet.app-us-east-1b",
                        "aws_security_group.allow-lb-access"
                    ],
                    "primary": {
                        "id": "arn:aws:elasticloadbalancing:us-east-1:193834086786:loadbalancer/app/app-lb/9ea0403d122ddcbd",
                        "attributes": {
                            "access_logs.#": "0",
                            "arn": "arn:aws:elasticloadbalancing:us-east-1:193834086786:loadbalancer/app/app-lb/9ea0403d122ddcbd",
                            "arn_suffix": "app/app-lb/9ea0403d122ddcbd",
                            "dns_name": "app-lb-1664123115.us-east-1.elb.amazonaws.com",
                            "enable_deletion_protection": "false",
                            "enable_http2": "true",
                            "id": "arn:aws:elasticloadbalancing:us-east-1:193834086786:loadbalancer/app/app-lb/9ea0403d122ddcbd",
                            "idle_timeout": "60",
                            "internal": "false",
                            "ip_address_type": "ipv4",
                            "load_balancer_type": "application",
                            "name": "app-lb",
                            "security_groups.#": "1",
                            "security_groups.344289759": "sg-01962b69aaa73bd2a",
                            "subnet_mapping.#": "0",
                            "subnets.#": "2",
                            "subnets.1068590565": "subnet-9f0a29e8",
                            "subnets.449118348": "subnet-4728466c",
                            "tags.%": "1",
                            "tags.Name": "app-lb",
                            "vpc_id": "vpc-752a3810",
                            "zone_id": "Z35SXDOTRQ7X7K"
                        },
                        "meta": {
                            "e2bfb730-ecaa-11e6-8f88-34363bc7c4c0": {
                                "create": 600000000000,
                                "delete": 600000000000,
                                "update": 600000000000
                            }
                        },
                        "tainted": false
                    },
                    "deposed": [],
                    "provider": "provider.aws"
                },
                "aws_lb_listener.app-lb-listener": {
                    "type": "aws_lb_listener",
                    "depends_on": [
                        "aws_alb_target_group.app-target-group-1",
                        "aws_lb.app-lb"
                    ],
                    "primary": {
                        "id": "arn:aws:elasticloadbalancing:us-east-1:193834086786:listener/app/app-lb/9ea0403d122ddcbd/9b4bcbe4c73af8f5",
                        "attributes": {
                            "arn": "arn:aws:elasticloadbalancing:us-east-1:193834086786:listener/app/app-lb/9ea0403d122ddcbd/9b4bcbe4c73af8f5",
                            "default_action.#": "1",
                            "default_action.0.fixed_response.#": "0",
                            "default_action.0.redirect.#": "0",
                            "default_action.0.target_group_arn": "arn:aws:elasticloadbalancing:us-east-1:193834086786:targetgroup/app-target-group-1/d22dd166cffac7dc",
                            "default_action.0.type": "forward",
                            "id": "arn:aws:elasticloadbalancing:us-east-1:193834086786:listener/app/app-lb/9ea0403d122ddcbd/9b4bcbe4c73af8f5",
                            "load_balancer_arn": "arn:aws:elasticloadbalancing:us-east-1:193834086786:loadbalancer/app/app-lb/9ea0403d122ddcbd",
                            "port": "80",
                            "protocol": "HTTP",
                            "ssl_policy": ""
                        },
                        "meta": {},
                        "tainted": false
                    },
                    "deposed": [],
                    "provider": "provider.aws"
                },
                "aws_security_group.allow-bd-access": {
                    "type": "aws_security_group",
                    "depends_on": [],
                    "primary": {
                        "id": "sg-098ba56118b0350d6",
                        "attributes": {
                            "arn": "arn:aws:ec2:us-east-1:193834086786:security-group/sg-098ba56118b0350d6",
                            "description": "Permite conexao a base de dados",
                            "egress.#": "1",
                            "egress.482069346.cidr_blocks.#": "1",
                            "egress.482069346.cidr_blocks.0": "0.0.0.0/0",
                            "egress.482069346.description": "",
                            "egress.482069346.from_port": "0",
                            "egress.482069346.ipv6_cidr_blocks.#": "0",
                            "egress.482069346.prefix_list_ids.#": "0",
                            "egress.482069346.protocol": "-1",
                            "egress.482069346.security_groups.#": "0",
                            "egress.482069346.self": "false",
                            "egress.482069346.to_port": "0",
                            "id": "sg-098ba56118b0350d6",
                            "ingress.#": "1",
                            "ingress.3996098022.cidr_blocks.#": "1",
                            "ingress.3996098022.cidr_blocks.0": "0.0.0.0/0",
                            "ingress.3996098022.description": "",
                            "ingress.3996098022.from_port": "0",
                            "ingress.3996098022.ipv6_cidr_blocks.#": "0",
                            "ingress.3996098022.protocol": "tcp",
                            "ingress.3996098022.security_groups.#": "0",
                            "ingress.3996098022.self": "false",
                            "ingress.3996098022.to_port": "3306",
                            "name": "allow-bd-access",
                            "owner_id": "193834086786",
                            "revoke_rules_on_delete": "false",
                            "tags.%": "0",
                            "vpc_id": "vpc-752a3810"
                        },
                        "meta": {
                            "e2bfb730-ecaa-11e6-8f88-34363bc7c4c0": {
                                "create": 600000000000,
                                "delete": 600000000000
                            },
                            "schema_version": "1"
                        },
                        "tainted": false
                    },
                    "deposed": [],
                    "provider": "provider.aws"
                },
                "aws_security_group.allow-lb-access": {
                    "type": "aws_security_group",
                    "depends_on": [],
                    "primary": {
                        "id": "sg-01962b69aaa73bd2a",
                        "attributes": {
                            "arn": "arn:aws:ec2:us-east-1:193834086786:security-group/sg-01962b69aaa73bd2a",
                            "description": "Permite conexao ao Application Load Balancer",
                            "egress.#": "1",
                            "egress.482069346.cidr_blocks.#": "1",
                            "egress.482069346.cidr_blocks.0": "0.0.0.0/0",
                            "egress.482069346.description": "",
                            "egress.482069346.from_port": "0",
                            "egress.482069346.ipv6_cidr_blocks.#": "0",
                            "egress.482069346.prefix_list_ids.#": "0",
                            "egress.482069346.protocol": "-1",
                            "egress.482069346.security_groups.#": "0",
                            "egress.482069346.self": "false",
                            "egress.482069346.to_port": "0",
                            "id": "sg-01962b69aaa73bd2a",
                            "ingress.#": "1",
                            "ingress.2214680975.cidr_blocks.#": "1",
                            "ingress.2214680975.cidr_blocks.0": "0.0.0.0/0",
                            "ingress.2214680975.description": "",
                            "ingress.2214680975.from_port": "80",
                            "ingress.2214680975.ipv6_cidr_blocks.#": "0",
                            "ingress.2214680975.protocol": "tcp",
                            "ingress.2214680975.security_groups.#": "0",
                            "ingress.2214680975.self": "false",
                            "ingress.2214680975.to_port": "80",
                            "name": "allow-lb-access",
                            "owner_id": "193834086786",
                            "revoke_rules_on_delete": "false",
                            "tags.%": "0",
                            "vpc_id": "vpc-752a3810"
                        },
                        "meta": {
                            "e2bfb730-ecaa-11e6-8f88-34363bc7c4c0": {
                                "create": 600000000000,
                                "delete": 600000000000
                            },
                            "schema_version": "1"
                        },
                        "tainted": false
                    },
                    "deposed": [],
                    "provider": "provider.aws"
                },
                "aws_security_group.allow-server-access": {
                    "type": "aws_security_group",
                    "depends_on": [],
                    "primary": {
                        "id": "sg-0a7438fe2851ad9b9",
                        "attributes": {
                            "arn": "arn:aws:ec2:us-east-1:193834086786:security-group/sg-0a7438fe2851ad9b9",
                            "description": "Permite conexao aos servers",
                            "egress.#": "1",
                            "egress.482069346.cidr_blocks.#": "1",
                            "egress.482069346.cidr_blocks.0": "0.0.0.0/0",
                            "egress.482069346.description": "",
                            "egress.482069346.from_port": "0",
                            "egress.482069346.ipv6_cidr_blocks.#": "0",
                            "egress.482069346.prefix_list_ids.#": "0",
                            "egress.482069346.protocol": "-1",
                            "egress.482069346.security_groups.#": "0",
                            "egress.482069346.self": "false",
                            "egress.482069346.to_port": "0",
                            "id": "sg-0a7438fe2851ad9b9",
                            "ingress.#": "1",
                            "ingress.2319052179.cidr_blocks.#": "1",
                            "ingress.2319052179.cidr_blocks.0": "0.0.0.0/0",
                            "ingress.2319052179.description": "",
                            "ingress.2319052179.from_port": "9000",
                            "ingress.2319052179.ipv6_cidr_blocks.#": "0",
                            "ingress.2319052179.protocol": "tcp",
                            "ingress.2319052179.security_groups.#": "0",
                            "ingress.2319052179.self": "false",
                            "ingress.2319052179.to_port": "9000",
                            "name": "allow-server-access",
                            "owner_id": "193834086786",
                            "revoke_rules_on_delete": "false",
                            "tags.%": "0",
                            "vpc_id": "vpc-752a3810"
                        },
                        "meta": {
                            "e2bfb730-ecaa-11e6-8f88-34363bc7c4c0": {
                                "create": 600000000000,
                                "delete": 600000000000
                            },
                            "schema_version": "1"
                        },
                        "tainted": false
                    },
                    "deposed": [],
                    "provider": "provider.aws"
                },
                "aws_security_group.allow-ssh": {
                    "type": "aws_security_group",
                    "depends_on": [],
                    "primary": {
                        "id": "sg-099456b4527ee1448",
                        "attributes": {
                            "arn": "arn:aws:ec2:us-east-1:193834086786:security-group/sg-099456b4527ee1448",
                            "description": "Permite SSH",
                            "egress.#": "1",
                            "egress.482069346.cidr_blocks.#": "1",
                            "egress.482069346.cidr_blocks.0": "0.0.0.0/0",
                            "egress.482069346.description": "",
                            "egress.482069346.from_port": "0",
                            "egress.482069346.ipv6_cidr_blocks.#": "0",
                            "egress.482069346.prefix_list_ids.#": "0",
                            "egress.482069346.protocol": "-1",
                            "egress.482069346.security_groups.#": "0",
                            "egress.482069346.self": "false",
                            "egress.482069346.to_port": "0",
                            "id": "sg-099456b4527ee1448",
                            "ingress.#": "1",
                            "ingress.2541437006.cidr_blocks.#": "1",
                            "ingress.2541437006.cidr_blocks.0": "0.0.0.0/0",
                            "ingress.2541437006.description": "",
                            "ingress.2541437006.from_port": "22",
                            "ingress.2541437006.ipv6_cidr_blocks.#": "0",
                            "ingress.2541437006.protocol": "tcp",
                            "ingress.2541437006.security_groups.#": "0",
                            "ingress.2541437006.self": "false",
                            "ingress.2541437006.to_port": "22",
                            "name": "allow-ssh",
                            "owner_id": "193834086786",
                            "revoke_rules_on_delete": "false",
                            "tags.%": "0",
                            "vpc_id": "vpc-752a3810"
                        },
                        "meta": {
                            "e2bfb730-ecaa-11e6-8f88-34363bc7c4c0": {
                                "create": 600000000000,
                                "delete": 600000000000
                            },
                            "schema_version": "1"
                        },
                        "tainted": false
                    },
                    "deposed": [],
                    "provider": "provider.aws"
                }
            },
            "depends_on": []
        }
    ]
}
