{
    "version": 3,
    "terraform_version": "0.11.8",
    "serial": 16,
    "lineage": "8ca56973-acfa-8b6f-e411-6fb68ea42830",
    "modules": [
        {
            "path": [
                "root"
            ],
            "outputs": {},
            "resources": {
                "aws_instance.app-server": {
                    "type": "aws_instance",
                    "depends_on": [],
                    "primary": {
                        "id": "i-083a6b6302279a3a5",
                        "attributes": {
                            "ami": "ami-0c54494f920b19106",
                            "arn": "arn:aws:ec2:us-east-1:193834086786:instance/i-083a6b6302279a3a5",
                            "associate_public_ip_address": "true",
                            "availability_zone": "us-east-1c",
                            "cpu_core_count": "1",
                            "cpu_threads_per_core": "1",
                            "credit_specification.#": "1",
                            "credit_specification.0.cpu_credits": "standard",
                            "disable_api_termination": "false",
                            "ebs_block_device.#": "0",
                            "ebs_optimized": "false",
                            "ephemeral_block_device.#": "0",
                            "get_password_data": "false",
                            "iam_instance_profile": "",
                            "id": "i-083a6b6302279a3a5",
                            "instance_state": "running",
                            "instance_type": "t2.micro",
                            "ipv6_addresses.#": "0",
                            "key_name": "lab-key",
                            "monitoring": "false",
                            "network_interface.#": "0",
                            "network_interface_id": "eni-06383a062f0c81917",
                            "password_data": "",
                            "placement_group": "",
                            "primary_network_interface_id": "eni-06383a062f0c81917",
                            "private_dns": "ip-172-31-20-213.ec2.internal",
                            "private_ip": "172.31.20.213",
                            "public_dns": "ec2-34-239-143-178.compute-1.amazonaws.com",
                            "public_ip": "34.239.143.178",
                            "root_block_device.#": "1",
                            "root_block_device.0.delete_on_termination": "true",
                            "root_block_device.0.iops": "100",
                            "root_block_device.0.volume_id": "vol-0ce9a02f1093b87aa",
                            "root_block_device.0.volume_size": "8",
                            "root_block_device.0.volume_type": "gp2",
                            "security_groups.#": "1",
                            "security_groups.2542268873": "allow-ssh",
                            "source_dest_check": "true",
                            "subnet_id": "subnet-231f5a7a",
                            "tags.%": "1",
                            "tags.Name": "app-server",
                            "tenancy": "default",
                            "volume_tags.%": "0",
                            "vpc_security_group_ids.#": "1",
                            "vpc_security_group_ids.3910051206": "sg-0319d61c9da64fc3b"
                        },
                        "meta": {
                            "e2bfb730-ecaa-11e6-8f88-34363bc7c4c0": {
                                "create": 600000000000,
                                "delete": 1200000000000,
                                "update": 600000000000
                            },
                            "schema_version": "1"
                        },
                        "tainted": false
                    },
                    "deposed": [],
                    "provider": "provider.aws"
                },
                "aws_security_group.allow-bd-access": {
                    "type": "aws_security_group",
                    "depends_on": [],
                    "primary": {
                        "id": "sg-0ebe583f80ef444f8",
                        "attributes": {
                            "arn": "arn:aws:ec2:us-east-1:193834086786:security-group/sg-0ebe583f80ef444f8",
                            "description": "Permite conexao a base de dados",
                            "egress.#": "1",
                            "egress.482069346.cidr_blocks.#": "1",
                            "egress.482069346.cidr_blocks.0": "0.0.0.0/0",
                            "egress.482069346.description": "",
                            "egress.482069346.from_port": "0",
                            "egress.482069346.ipv6_cidr_blocks.#": "0",
                            "egress.482069346.prefix_list_ids.#": "0",
                            "egress.482069346.protocol": "-1",
                            "egress.482069346.security_groups.#": "0",
                            "egress.482069346.self": "false",
                            "egress.482069346.to_port": "0",
                            "id": "sg-0ebe583f80ef444f8",
                            "ingress.#": "1",
                            "ingress.437638252.cidr_blocks.#": "1",
                            "ingress.437638252.cidr_blocks.0": "34.239.143.178/32",
                            "ingress.437638252.description": "",
                            "ingress.437638252.from_port": "0",
                            "ingress.437638252.ipv6_cidr_blocks.#": "0",
                            "ingress.437638252.protocol": "tcp",
                            "ingress.437638252.security_groups.#": "0",
                            "ingress.437638252.self": "false",
                            "ingress.437638252.to_port": "3306",
                            "name": "allow-bd-access",
                            "owner_id": "193834086786",
                            "revoke_rules_on_delete": "false",
                            "tags.%": "0",
                            "vpc_id": "vpc-752a3810"
                        },
                        "meta": {
                            "e2bfb730-ecaa-11e6-8f88-34363bc7c4c0": {
                                "create": 600000000000,
                                "delete": 600000000000
                            },
                            "schema_version": "1"
                        },
                        "tainted": false
                    },
                    "deposed": [],
                    "provider": "provider.aws"
                },
                "aws_security_group.allow-ssh": {
                    "type": "aws_security_group",
                    "depends_on": [],
                    "primary": {
                        "id": "sg-0319d61c9da64fc3b",
                        "attributes": {
                            "arn": "arn:aws:ec2:us-east-1:193834086786:security-group/sg-0319d61c9da64fc3b",
                            "description": "Permite SSH",
                            "egress.#": "1",
                            "egress.482069346.cidr_blocks.#": "1",
                            "egress.482069346.cidr_blocks.0": "0.0.0.0/0",
                            "egress.482069346.description": "",
                            "egress.482069346.from_port": "0",
                            "egress.482069346.ipv6_cidr_blocks.#": "0",
                            "egress.482069346.prefix_list_ids.#": "0",
                            "egress.482069346.protocol": "-1",
                            "egress.482069346.security_groups.#": "0",
                            "egress.482069346.self": "false",
                            "egress.482069346.to_port": "0",
                            "id": "sg-0319d61c9da64fc3b",
                            "ingress.#": "1",
                            "ingress.2541437006.cidr_blocks.#": "1",
                            "ingress.2541437006.cidr_blocks.0": "0.0.0.0/0",
                            "ingress.2541437006.description": "",
                            "ingress.2541437006.from_port": "22",
                            "ingress.2541437006.ipv6_cidr_blocks.#": "0",
                            "ingress.2541437006.protocol": "tcp",
                            "ingress.2541437006.security_groups.#": "0",
                            "ingress.2541437006.self": "false",
                            "ingress.2541437006.to_port": "22",
                            "name": "allow-ssh",
                            "owner_id": "193834086786",
                            "revoke_rules_on_delete": "false",
                            "tags.%": "0",
                            "vpc_id": "vpc-752a3810"
                        },
                        "meta": {
                            "e2bfb730-ecaa-11e6-8f88-34363bc7c4c0": {
                                "create": 600000000000,
                                "delete": 600000000000
                            },
                            "schema_version": "1"
                        },
                        "tainted": false
                    },
                    "deposed": [],
                    "provider": "provider.aws"
                }
            },
            "depends_on": []
        }
    ]
}
